
Microsoft Visual Studio Solution File, Format Version 12.00
# Visual Studio 15
VisualStudioVersion = 15.0.27130.2010
MinimumVisualStudioVersion = 10.0.40219.1
Project("{FAE04EC0-301F-11D3-BF4B-00C04F79EFBC}") = "HelloWorld", "HelloWorld\HelloWorld.csproj", "{CD095906-C0CE-4294-AE3E-B92B6034B900}"
EndProject
Project("{FAE04EC0-301F-11D3-BF4B-00C04F79EFBC}") = "Best calculator", "Best calculator\Best calculator.csproj", "{A4EABD0E-4520-4C67-9661-C3D791DEE268}"
EndProject
Project("{FAE04EC0-301F-11D3-BF4B-00C04F79EFBC}") = "SmarterBestCalculator", "SmarterBestCalculator\SmarterBestCalculator.csproj", "{2EFF89E8-279F-47CE-982E-150DE8F0B690}"
EndProject
Project("{FAE04EC0-301F-11D3-BF4B-00C04F79EFBC}") = "BuyList", "BuyList\BuyList.csproj", "{26D44567-F716-4C42-9733-50E31DAC0774}"
EndProject
Project("{FAE04EC0-301F-11D3-BF4B-00C04F79EFBC}") = "CalculationOperationsTest", "TestingConsole\CalculationOperationsTest.csproj", "{CB10EE4B-3E00-4C84-9568-2F8A75653AAB}"
EndProject
Project("{FAE04EC0-301F-11D3-BF4B-00C04F79EFBC}") = "TrainingApp1", "TrainingApp1\TrainingApp1.csproj", "{F9D24374-B245-4F0F-AECF-C780CB749075}"
EndProject
Project("{FAE04EC0-301F-11D3-BF4B-00C04F79EFBC}") = "FizzBuzz", "FizzBuzz\FizzBuzz.csproj", "{44A19A96-E584-463B-9ECC-825653C4F798}"
EndProject
Project("{FAE04EC0-301F-11D3-BF4B-00C04F79EFBC}") = "WordFinderApp", "WordFinderApp\WordFinderApp.csproj", "{3692B584-EDD5-4C76-AE39-3115ACD1950C}"
EndProject
Project("{FAE04EC0-301F-11D3-BF4B-00C04F79EFBC}") = "CatDatingSite", "CatDatingSite\CatDatingSite.csproj", "{FDB1FC2C-5B36-4104-BBCC-C2ED241090DA}"
EndProject
Global
	GlobalSection(SolutionConfigurationPlatforms) = preSolution
		Debug|Any CPU = Debug|Any CPU
		Release|Any CPU = Release|Any CPU
	EndGlobalSection
	GlobalSection(ProjectConfigurationPlatforms) = postSolution
		{CD095906-C0CE-4294-AE3E-B92B6034B900}.Debug|Any CPU.ActiveCfg = Debug|Any CPU
		{CD095906-C0CE-4294-AE3E-B92B6034B900}.Debug|Any CPU.Build.0 = Debug|Any CPU
		{CD095906-C0CE-4294-AE3E-B92B6034B900}.Release|Any CPU.ActiveCfg = Release|Any CPU
		{CD095906-C0CE-4294-AE3E-B92B6034B900}.Release|Any CPU.Build.0 = Release|Any CPU
		{A4EABD0E-4520-4C67-9661-C3D791DEE268}.Debug|Any CPU.ActiveCfg = Debug|Any CPU
		{A4EABD0E-4520-4C67-9661-C3D791DEE268}.Debug|Any CPU.Build.0 = Debug|Any CPU
		{A4EABD0E-4520-4C67-9661-C3D791DEE268}.Release|Any CPU.ActiveCfg = Release|Any CPU
		{A4EABD0E-4520-4C67-9661-C3D791DEE268}.Release|Any CPU.Build.0 = Release|Any CPU
		{2EFF89E8-279F-47CE-982E-150DE8F0B690}.Debug|Any CPU.ActiveCfg = Debug|Any CPU
		{2EFF89E8-279F-47CE-982E-150DE8F0B690}.Debug|Any CPU.Build.0 = Debug|Any CPU
		{2EFF89E8-279F-47CE-982E-150DE8F0B690}.Release|Any CPU.ActiveCfg = Release|Any CPU
		{2EFF89E8-279F-47CE-982E-150DE8F0B690}.Release|Any CPU.Build.0 = Release|Any CPU
		{26D44567-F716-4C42-9733-50E31DAC0774}.Debug|Any CPU.ActiveCfg = Debug|Any CPU
		{26D44567-F716-4C42-9733-50E31DAC0774}.Debug|Any CPU.Build.0 = Debug|Any CPU
		{26D44567-F716-4C42-9733-50E31DAC0774}.Release|Any CPU.ActiveCfg = Release|Any CPU
		{26D44567-F716-4C42-9733-50E31DAC0774}.Release|Any CPU.Build.0 = Release|Any CPU
		{CB10EE4B-3E00-4C84-9568-2F8A75653AAB}.Debug|Any CPU.ActiveCfg = Debug|Any CPU
		{CB10EE4B-3E00-4C84-9568-2F8A75653AAB}.Debug|Any CPU.Build.0 = Debug|Any CPU
		{CB10EE4B-3E00-4C84-9568-2F8A75653AAB}.Release|Any CPU.ActiveCfg = Release|Any CPU
		{CB10EE4B-3E00-4C84-9568-2F8A75653AAB}.Release|Any CPU.Build.0 = Release|Any CPU
		{F9D24374-B245-4F0F-AECF-C780CB749075}.Debug|Any CPU.ActiveCfg = Debug|Any CPU
		{F9D24374-B245-4F0F-AECF-C780CB749075}.Debug|Any CPU.Build.0 = Debug|Any CPU
		{F9D24374-B245-4F0F-AECF-C780CB749075}.Release|Any CPU.ActiveCfg = Release|Any CPU
		{F9D24374-B245-4F0F-AECF-C780CB749075}.Release|Any CPU.Build.0 = Release|Any CPU
		{44A19A96-E584-463B-9ECC-825653C4F798}.Debug|Any CPU.ActiveCfg = Debug|Any CPU
		{44A19A96-E584-463B-9ECC-825653C4F798}.Debug|Any CPU.Build.0 = Debug|Any CPU
		{44A19A96-E584-463B-9ECC-825653C4F798}.Release|Any CPU.ActiveCfg = Release|Any CPU
		{44A19A96-E584-463B-9ECC-825653C4F798}.Release|Any CPU.Build.0 = Release|Any CPU
		{3692B584-EDD5-4C76-AE39-3115ACD1950C}.Debug|Any CPU.ActiveCfg = Debug|Any CPU
		{3692B584-EDD5-4C76-AE39-3115ACD1950C}.Debug|Any CPU.Build.0 = Debug|Any CPU
		{3692B584-EDD5-4C76-AE39-3115ACD1950C}.Release|Any CPU.ActiveCfg = Release|Any CPU
		{3692B584-EDD5-4C76-AE39-3115ACD1950C}.Release|Any CPU.Build.0 = Release|Any CPU
		{FDB1FC2C-5B36-4104-BBCC-C2ED241090DA}.Debug|Any CPU.ActiveCfg = Debug|Any CPU
		{FDB1FC2C-5B36-4104-BBCC-C2ED241090DA}.Debug|Any CPU.Build.0 = Debug|Any CPU
		{FDB1FC2C-5B36-4104-BBCC-C2ED241090DA}.Release|Any CPU.ActiveCfg = Release|Any CPU
		{FDB1FC2C-5B36-4104-BBCC-C2ED241090DA}.Release|Any CPU.Build.0 = Release|Any CPU
	EndGlobalSection
	GlobalSection(SolutionProperties) = preSolution
		HideSolutionNode = FALSE
	EndGlobalSection
	GlobalSection(ExtensibilityGlobals) = postSolution
		SolutionGuid = {04F72538-8602-4389-AAA5-2AEF8D001D6F}
	EndGlobalSection
EndGlobal
